// !$*UTF8*$!
{
	archiveVersion = 1;
	classes = {
	};
	objectVersion = 46;
	objects = {

/* Begin PBXBuildFile section */
		00B789901B7068A5009CD440 /* AppDelegate.swift in Sources */ = {isa = PBXBuildFile; fileRef = 00B7898F1B7068A5009CD440 /* AppDelegate.swift */; };
		00B789921B7068A5009CD440 /* ViewController.swift in Sources */ = {isa = PBXBuildFile; fileRef = 00B789911B7068A5009CD440 /* ViewController.swift */; };
		00B789951B7068A5009CD440 /* Main.storyboard in Resources */ = {isa = PBXBuildFile; fileRef = 00B789931B7068A5009CD440 /* Main.storyboard */; };
		00B789971B7068A5009CD440 /* Images.xcassets in Resources */ = {isa = PBXBuildFile; fileRef = 00B789961B7068A5009CD440 /* Images.xcassets */; };
		00B7899A1B7068A5009CD440 /* LaunchScreen.xib in Resources */ = {isa = PBXBuildFile; fileRef = 00B789981B7068A5009CD440 /* LaunchScreen.xib */; };
		00B789A61B7068A5009CD440 /* SPSTests.swift in Sources */ = {isa = PBXBuildFile; fileRef = 00B789A51B7068A5009CD440 /* SPSTests.swift */; };
		00B78A561B706E01009CD440 /* User.swift in Sources */ = {isa = PBXBuildFile; fileRef = 00B78A191B706E01009CD440 /* User.swift */; };
		00B78A571B706E01009CD440 /* BaseAPIManager.swift in Sources */ = {isa = PBXBuildFile; fileRef = 00B78A1A1B706E01009CD440 /* BaseAPIManager.swift */; };
		00B78A581B706E01009CD440 /* UserAPIManger.swift in Sources */ = {isa = PBXBuildFile; fileRef = 00B78A1B1B706E01009CD440 /* UserAPIManger.swift */; };
		00B78A5A1B706E01009CD440 /* Config.swift in Sources */ = {isa = PBXBuildFile; fileRef = 00B78A1E1B706E01009CD440 /* Config.swift */; };
		00B78A5D1B706E01009CD440 /* BaseDao.swift in Sources */ = {isa = PBXBuildFile; fileRef = 00B78A231B706E01009CD440 /* BaseDao.swift */; };
		00B78A5F1B706E01009CD440 /* DBManager.swift in Sources */ = {isa = PBXBuildFile; fileRef = 00B78A251B706E01009CD440 /* DBManager.swift */; };
		00B78A601B706E01009CD440 /* UserDao.swift in Sources */ = {isa = PBXBuildFile; fileRef = 00B78A271B706E01009CD440 /* UserDao.swift */; };
		00B78A621B706E01009CD440 /* FMDatabase.m in Sources */ = {isa = PBXBuildFile; fileRef = 00B78A2D1B706E01009CD440 /* FMDatabase.m */; };
		00B78A631B706E01009CD440 /* FMDatabaseAdditions.m in Sources */ = {isa = PBXBuildFile; fileRef = 00B78A2F1B706E01009CD440 /* FMDatabaseAdditions.m */; };
		00B78A641B706E01009CD440 /* FMDatabasePool.m in Sources */ = {isa = PBXBuildFile; fileRef = 00B78A311B706E01009CD440 /* FMDatabasePool.m */; };
		00B78A651B706E01009CD440 /* FMDatabaseQueue.m in Sources */ = {isa = PBXBuildFile; fileRef = 00B78A331B706E01009CD440 /* FMDatabaseQueue.m */; };
		00B78A661B706E01009CD440 /* FMResultSet.m in Sources */ = {isa = PBXBuildFile; fileRef = 00B78A361B706E01009CD440 /* FMResultSet.m */; };
		00B78A671B706E01009CD440 /* Reachability.m in Sources */ = {isa = PBXBuildFile; fileRef = 00B78A391B706E01009CD440 /* Reachability.m */; };
		00B78A681B706E01009CD440 /* AppUtils.swift in Sources */ = {isa = PBXBuildFile; fileRef = 00B78A491B706E01009CD440 /* AppUtils.swift */; };
		00B78A691B706E01009CD440 /* DirectoryUtils.swift in Sources */ = {isa = PBXBuildFile; fileRef = 00B78A4A1B706E01009CD440 /* DirectoryUtils.swift */; };
		00B78A6A1B706E01009CD440 /* NumberUtils.swift in Sources */ = {isa = PBXBuildFile; fileRef = 00B78A4B1B706E01009CD440 /* NumberUtils.swift */; };
		00B78A6B1B706E01009CD440 /* StringUtils.swift in Sources */ = {isa = PBXBuildFile; fileRef = 00B78A4C1B706E01009CD440 /* StringUtils.swift */; };
		00B78A6C1B706E01009CD440 /* Array_Extension.swift in Sources */ = {isa = PBXBuildFile; fileRef = 00B78A4E1B706E01009CD440 /* Array_Extension.swift */; };
		00B78A6D1B706E01009CD440 /* NSData_Extension.swift in Sources */ = {isa = PBXBuildFile; fileRef = 00B78A4F1B706E01009CD440 /* NSData_Extension.swift */; };
		00B78A6E1B706E01009CD440 /* Optional_Extension.swift in Sources */ = {isa = PBXBuildFile; fileRef = 00B78A501B706E01009CD440 /* Optional_Extension.swift */; };
		00B78A6F1B706E01009CD440 /* String_Extension.swift in Sources */ = {isa = PBXBuildFile; fileRef = 00B78A511B706E01009CD440 /* String_Extension.swift */; };
		00B78A701B706E01009CD440 /* UIColor_Extension.swift in Sources */ = {isa = PBXBuildFile; fileRef = 00B78A521B706E01009CD440 /* UIColor_Extension.swift */; };
		00B78A711B706E01009CD440 /* UIDevice_Extension.swift in Sources */ = {isa = PBXBuildFile; fileRef = 00B78A531B706E01009CD440 /* UIDevice_Extension.swift */; };
		00B78A721B706E01009CD440 /* UIImage_Extension.swift in Sources */ = {isa = PBXBuildFile; fileRef = 00B78A541B706E01009CD440 /* UIImage_Extension.swift */; };
		00B78A731B706E01009CD440 /* UILabel_Extension.swift in Sources */ = {isa = PBXBuildFile; fileRef = 00B78A551B706E01009CD440 /* UILabel_Extension.swift */; };
		00B78A751B70841E009CD440 /* libsqlite3.dylib in Frameworks */ = {isa = PBXBuildFile; fileRef = 00B78A741B70841E009CD440 /* libsqlite3.dylib */; };
		6D32DC09AA340FAE8A59B8E4 /* Pods.framework in Frameworks */ = {isa = PBXBuildFile; fileRef = B494E38842D5C989F98848C4 /* Pods.framework */; settings = {ATTRIBUTES = (Weak, ); }; };
/* End PBXBuildFile section */

/* Begin PBXContainerItemProxy section */
		00B789A01B7068A5009CD440 /* PBXContainerItemProxy */ = {
			isa = PBXContainerItemProxy;
			containerPortal = 00B789821B7068A5009CD440 /* Project object */;
			proxyType = 1;
			remoteGlobalIDString = 00B789891B7068A5009CD440;
			remoteInfo = SPS;
		};
/* End PBXContainerItemProxy section */

/* Begin PBXFileReference section */
		00B7898A1B7068A5009CD440 /* SPS.app */ = {isa = PBXFileReference; explicitFileType = wrapper.application; includeInIndex = 0; path = SPS.app; sourceTree = BUILT_PRODUCTS_DIR; };
		00B7898E1B7068A5009CD440 /* Info.plist */ = {isa = PBXFileReference; lastKnownFileType = text.plist.xml; path = Info.plist; sourceTree = "<group>"; };
		00B7898F1B7068A5009CD440 /* AppDelegate.swift */ = {isa = PBXFileReference; lastKnownFileType = sourcecode.swift; path = AppDelegate.swift; sourceTree = "<group>"; };
		00B789911B7068A5009CD440 /* ViewController.swift */ = {isa = PBXFileReference; lastKnownFileType = sourcecode.swift; path = ViewController.swift; sourceTree = "<group>"; };
		00B789941B7068A5009CD440 /* Base */ = {isa = PBXFileReference; lastKnownFileType = file.storyboard; name = Base; path = Base.lproj/Main.storyboard; sourceTree = "<group>"; };
		00B789961B7068A5009CD440 /* Images.xcassets */ = {isa = PBXFileReference; lastKnownFileType = folder.assetcatalog; path = Images.xcassets; sourceTree = "<group>"; };
		00B789991B7068A5009CD440 /* Base */ = {isa = PBXFileReference; lastKnownFileType = file.xib; name = Base; path = Base.lproj/LaunchScreen.xib; sourceTree = "<group>"; };
		00B7899F1B7068A5009CD440 /* SPSTests.xctest */ = {isa = PBXFileReference; explicitFileType = wrapper.cfbundle; includeInIndex = 0; path = SPSTests.xctest; sourceTree = BUILT_PRODUCTS_DIR; };
		00B789A41B7068A5009CD440 /* Info.plist */ = {isa = PBXFileReference; lastKnownFileType = text.plist.xml; path = Info.plist; sourceTree = "<group>"; };
		00B789A51B7068A5009CD440 /* SPSTests.swift */ = {isa = PBXFileReference; lastKnownFileType = sourcecode.swift; path = SPSTests.swift; sourceTree = "<group>"; };
		00B78A191B706E01009CD440 /* User.swift */ = {isa = PBXFileReference; fileEncoding = 4; lastKnownFileType = sourcecode.swift; path = User.swift; sourceTree = "<group>"; };
		00B78A1A1B706E01009CD440 /* BaseAPIManager.swift */ = {isa = PBXFileReference; fileEncoding = 4; lastKnownFileType = sourcecode.swift; path = BaseAPIManager.swift; sourceTree = "<group>"; };
		00B78A1B1B706E01009CD440 /* UserAPIManger.swift */ = {isa = PBXFileReference; fileEncoding = 4; lastKnownFileType = sourcecode.swift; path = UserAPIManger.swift; sourceTree = "<group>"; };
		00B78A1E1B706E01009CD440 /* Config.swift */ = {isa = PBXFileReference; fileEncoding = 4; lastKnownFileType = sourcecode.swift; path = Config.swift; sourceTree = "<group>"; };
		00B78A211B706E01009CD440 /* SPS-Bridging-Header.h */ = {isa = PBXFileReference; fileEncoding = 4; lastKnownFileType = sourcecode.c.h; path = "SPS-Bridging-Header.h"; sourceTree = "<group>"; };
		00B78A231B706E01009CD440 /* BaseDao.swift */ = {isa = PBXFileReference; fileEncoding = 4; lastKnownFileType = sourcecode.swift; path = BaseDao.swift; sourceTree = "<group>"; };
		00B78A251B706E01009CD440 /* DBManager.swift */ = {isa = PBXFileReference; fileEncoding = 4; lastKnownFileType = sourcecode.swift; path = DBManager.swift; sourceTree = "<group>"; };
		00B78A271B706E01009CD440 /* UserDao.swift */ = {isa = PBXFileReference; fileEncoding = 4; lastKnownFileType = sourcecode.swift; path = UserDao.swift; sourceTree = "<group>"; };
		00B78A2C1B706E01009CD440 /* FMDatabase.h */ = {isa = PBXFileReference; fileEncoding = 4; lastKnownFileType = sourcecode.c.h; path = FMDatabase.h; sourceTree = "<group>"; };
		00B78A2D1B706E01009CD440 /* FMDatabase.m */ = {isa = PBXFileReference; fileEncoding = 4; lastKnownFileType = sourcecode.c.objc; path = FMDatabase.m; sourceTree = "<group>"; };
		00B78A2E1B706E01009CD440 /* FMDatabaseAdditions.h */ = {isa = PBXFileReference; fileEncoding = 4; lastKnownFileType = sourcecode.c.h; path = FMDatabaseAdditions.h; sourceTree = "<group>"; };
		00B78A2F1B706E01009CD440 /* FMDatabaseAdditions.m */ = {isa = PBXFileReference; fileEncoding = 4; lastKnownFileType = sourcecode.c.objc; path = FMDatabaseAdditions.m; sourceTree = "<group>"; };
		00B78A301B706E01009CD440 /* FMDatabasePool.h */ = {isa = PBXFileReference; fileEncoding = 4; lastKnownFileType = sourcecode.c.h; path = FMDatabasePool.h; sourceTree = "<group>"; };
		00B78A311B706E01009CD440 /* FMDatabasePool.m */ = {isa = PBXFileReference; fileEncoding = 4; lastKnownFileType = sourcecode.c.objc; path = FMDatabasePool.m; sourceTree = "<group>"; };
		00B78A321B706E01009CD440 /* FMDatabaseQueue.h */ = {isa = PBXFileReference; fileEncoding = 4; lastKnownFileType = sourcecode.c.h; path = FMDatabaseQueue.h; sourceTree = "<group>"; };
		00B78A331B706E01009CD440 /* FMDatabaseQueue.m */ = {isa = PBXFileReference; fileEncoding = 4; lastKnownFileType = sourcecode.c.objc; path = FMDatabaseQueue.m; sourceTree = "<group>"; };
		00B78A341B706E01009CD440 /* FMDB.h */ = {isa = PBXFileReference; fileEncoding = 4; lastKnownFileType = sourcecode.c.h; path = FMDB.h; sourceTree = "<group>"; };
		00B78A351B706E01009CD440 /* FMResultSet.h */ = {isa = PBXFileReference; fileEncoding = 4; lastKnownFileType = sourcecode.c.h; path = FMResultSet.h; sourceTree = "<group>"; };
		00B78A361B706E01009CD440 /* FMResultSet.m */ = {isa = PBXFileReference; fileEncoding = 4; lastKnownFileType = sourcecode.c.objc; path = FMResultSet.m; sourceTree = "<group>"; };
		00B78A381B706E01009CD440 /* Reachability.h */ = {isa = PBXFileReference; fileEncoding = 4; lastKnownFileType = sourcecode.c.h; path = Reachability.h; sourceTree = "<group>"; };
		00B78A391B706E01009CD440 /* Reachability.m */ = {isa = PBXFileReference; fileEncoding = 4; lastKnownFileType = sourcecode.c.objc; path = Reachability.m; sourceTree = "<group>"; };
		00B78A491B706E01009CD440 /* AppUtils.swift */ = {isa = PBXFileReference; fileEncoding = 4; lastKnownFileType = sourcecode.swift; path = AppUtils.swift; sourceTree = "<group>"; };
		00B78A4A1B706E01009CD440 /* DirectoryUtils.swift */ = {isa = PBXFileReference; fileEncoding = 4; lastKnownFileType = sourcecode.swift; path = DirectoryUtils.swift; sourceTree = "<group>"; };
		00B78A4B1B706E01009CD440 /* NumberUtils.swift */ = {isa = PBXFileReference; fileEncoding = 4; lastKnownFileType = sourcecode.swift; path = NumberUtils.swift; sourceTree = "<group>"; };
		00B78A4C1B706E01009CD440 /* StringUtils.swift */ = {isa = PBXFileReference; fileEncoding = 4; lastKnownFileType = sourcecode.swift; path = StringUtils.swift; sourceTree = "<group>"; };
		00B78A4E1B706E01009CD440 /* Array_Extension.swift */ = {isa = PBXFileReference; fileEncoding = 4; lastKnownFileType = sourcecode.swift; path = Array_Extension.swift; sourceTree = "<group>"; };
		00B78A4F1B706E01009CD440 /* NSData_Extension.swift */ = {isa = PBXFileReference; fileEncoding = 4; lastKnownFileType = sourcecode.swift; path = NSData_Extension.swift; sourceTree = "<group>"; };
		00B78A501B706E01009CD440 /* Optional_Extension.swift */ = {isa = PBXFileReference; fileEncoding = 4; lastKnownFileType = sourcecode.swift; path = Optional_Extension.swift; sourceTree = "<group>"; };
		00B78A511B706E01009CD440 /* String_Extension.swift */ = {isa = PBXFileReference; fileEncoding = 4; lastKnownFileType = sourcecode.swift; path = String_Extension.swift; sourceTree = "<group>"; };
		00B78A521B706E01009CD440 /* UIColor_Extension.swift */ = {isa = PBXFileReference; fileEncoding = 4; lastKnownFileType = sourcecode.swift; path = UIColor_Extension.swift; sourceTree = "<group>"; };
		00B78A531B706E01009CD440 /* UIDevice_Extension.swift */ = {isa = PBXFileReference; fileEncoding = 4; lastKnownFileType = sourcecode.swift; path = UIDevice_Extension.swift; sourceTree = "<group>"; };
		00B78A541B706E01009CD440 /* UIImage_Extension.swift */ = {isa = PBXFileReference; fileEncoding = 4; lastKnownFileType = sourcecode.swift; path = UIImage_Extension.swift; sourceTree = "<group>"; };
		00B78A551B706E01009CD440 /* UILabel_Extension.swift */ = {isa = PBXFileReference; fileEncoding = 4; lastKnownFileType = sourcecode.swift; path = UILabel_Extension.swift; sourceTree = "<group>"; };
		00B78A741B70841E009CD440 /* libsqlite3.dylib */ = {isa = PBXFileReference; lastKnownFileType = "compiled.mach-o.dylib"; name = libsqlite3.dylib; path = usr/lib/libsqlite3.dylib; sourceTree = SDKROOT; };
		519047EDFA22F4852FC731E4 /* Pods.release.xcconfig */ = {isa = PBXFileReference; includeInIndex = 1; lastKnownFileType = text.xcconfig; name = Pods.release.xcconfig; path = "Pods/Target Support Files/Pods/Pods.release.xcconfig"; sourceTree = "<group>"; };
		51AF71BECECBF790D4735D67 /* Pods.debug.xcconfig */ = {isa = PBXFileReference; includeInIndex = 1; lastKnownFileType = text.xcconfig; name = Pods.debug.xcconfig; path = "Pods/Target Support Files/Pods/Pods.debug.xcconfig"; sourceTree = "<group>"; };
		B494E38842D5C989F98848C4 /* Pods.framework */ = {isa = PBXFileReference; explicitFileType = wrapper.framework; includeInIndex = 0; path = Pods.framework; sourceTree = BUILT_PRODUCTS_DIR; };
/* End PBXFileReference section */

/* Begin PBXFrameworksBuildPhase section */
		00B789871B7068A5009CD440 /* Frameworks */ = {
			isa = PBXFrameworksBuildPhase;
			buildActionMask = 2147483647;
			files = (
				00B78A751B70841E009CD440 /* libsqlite3.dylib in Frameworks */,
				6D32DC09AA340FAE8A59B8E4 /* Pods.framework in Frameworks */,
			);
			runOnlyForDeploymentPostprocessing = 0;
		};
		00B7899C1B7068A5009CD440 /* Frameworks */ = {
			isa = PBXFrameworksBuildPhase;
			buildActionMask = 2147483647;
			files = (
			);
			runOnlyForDeploymentPostprocessing = 0;
		};
/* End PBXFrameworksBuildPhase section */

/* Begin PBXGroup section */
		00B789811B7068A5009CD440 = {
			isa = PBXGroup;
			children = (
				00B78A161B706E01009CD440 /* Classes */,
				00B7898C1B7068A5009CD440 /* SPS */,
				00B789A21B7068A5009CD440 /* SPSTests */,
				00B7898B1B7068A5009CD440 /* Products */,
				36FA280DE58CD23F6B7A80D1 /* Pods */,
				C5E96CC1A9757B49FC71709C /* Frameworks */,
			);
			sourceTree = "<group>";
		};
		00B7898B1B7068A5009CD440 /* Products */ = {
			isa = PBXGroup;
			children = (
				00B7898A1B7068A5009CD440 /* SPS.app */,
				00B7899F1B7068A5009CD440 /* SPSTests.xctest */,
			);
			name = Products;
			sourceTree = "<group>";
		};
		00B7898C1B7068A5009CD440 /* SPS */ = {
			isa = PBXGroup;
			children = (
				00B7898F1B7068A5009CD440 /* AppDelegate.swift */,
				00B789911B7068A5009CD440 /* ViewController.swift */,
				00B789931B7068A5009CD440 /* Main.storyboard */,
				00B789961B7068A5009CD440 /* Images.xcassets */,
				00B789981B7068A5009CD440 /* LaunchScreen.xib */,
				00B7898D1B7068A5009CD440 /* Supporting Files */,
			);
			path = SPS;
			sourceTree = "<group>";
		};
		00B7898D1B7068A5009CD440 /* Supporting Files */ = {
			isa = PBXGroup;
			children = (
				00B7898E1B7068A5009CD440 /* Info.plist */,
			);
			name = "Supporting Files";
			sourceTree = "<group>";
		};
		00B789A21B7068A5009CD440 /* SPSTests */ = {
			isa = PBXGroup;
			children = (
				00B789A51B7068A5009CD440 /* SPSTests.swift */,
				00B789A31B7068A5009CD440 /* Supporting Files */,
			);
			path = SPSTests;
			sourceTree = "<group>";
		};
		00B789A31B7068A5009CD440 /* Supporting Files */ = {
			isa = PBXGroup;
			children = (
				00B789A41B7068A5009CD440 /* Info.plist */,
			);
			name = "Supporting Files";
			sourceTree = "<group>";
		};
		00B78A161B706E01009CD440 /* Classes */ = {
			isa = PBXGroup;
			children = (
				00B78A281B706E01009CD440 /* Library */,
				00B78A1C1B706E01009CD440 /* Config */,
				00B78A171B706E01009CD440 /* API */,
				00B78A221B706E01009CD440 /* Dao */,
				00B78A3A1B706E01009CD440 /* Module */,
				00B78A461B706E01009CD440 /* Resource */,
				00B78A471B706E01009CD440 /* Utils */,
			);
			path = Classes;
			sourceTree = "<group>";
		};
		00B78A171B706E01009CD440 /* API */ = {
			isa = PBXGroup;
			children = (
				00B78A181B706E01009CD440 /* APIModel */,
				00B78A1A1B706E01009CD440 /* BaseAPIManager.swift */,
				00B78A1B1B706E01009CD440 /* UserAPIManger.swift */,
			);
			path = API;
			sourceTree = "<group>";
		};
		00B78A181B706E01009CD440 /* APIModel */ = {
			isa = PBXGroup;
			children = (
				00B78A191B706E01009CD440 /* User.swift */,
			);
			path = APIModel;
			sourceTree = "<group>";
		};
		00B78A1C1B706E01009CD440 /* Config */ = {
			isa = PBXGroup;
			children = (
				00B78A211B706E01009CD440 /* SPS-Bridging-Header.h */,
				00B78A1E1B706E01009CD440 /* Config.swift */,
			);
			path = Config;
			sourceTree = "<group>";
		};
		00B78A221B706E01009CD440 /* Dao */ = {
			isa = PBXGroup;
			children = (
				00B78A231B706E01009CD440 /* BaseDao.swift */,
				00B78A251B706E01009CD440 /* DBManager.swift */,
				00B78A271B706E01009CD440 /* UserDao.swift */,
			);
			path = Dao;
			sourceTree = "<group>";
		};
		00B78A281B706E01009CD440 /* Library */ = {
			isa = PBXGroup;
			children = (
				00B78A2B1B706E01009CD440 /* fmdb */,
				00B78A371B706E01009CD440 /* Reachability */,
			);
			path = Library;
			sourceTree = "<group>";
		};
		00B78A2B1B706E01009CD440 /* fmdb */ = {
			isa = PBXGroup;
			children = (
				00B78A2C1B706E01009CD440 /* FMDatabase.h */,
				00B78A2D1B706E01009CD440 /* FMDatabase.m */,
				00B78A2E1B706E01009CD440 /* FMDatabaseAdditions.h */,
				00B78A2F1B706E01009CD440 /* FMDatabaseAdditions.m */,
				00B78A301B706E01009CD440 /* FMDatabasePool.h */,
				00B78A311B706E01009CD440 /* FMDatabasePool.m */,
				00B78A321B706E01009CD440 /* FMDatabaseQueue.h */,
				00B78A331B706E01009CD440 /* FMDatabaseQueue.m */,
				00B78A341B706E01009CD440 /* FMDB.h */,
				00B78A351B706E01009CD440 /* FMResultSet.h */,
				00B78A361B706E01009CD440 /* FMResultSet.m */,
			);
			path = fmdb;
			sourceTree = "<group>";
		};
		00B78A371B706E01009CD440 /* Reachability */ = {
			isa = PBXGroup;
			children = (
				00B78A381B706E01009CD440 /* Reachability.h */,
				00B78A391B706E01009CD440 /* Reachability.m */,
			);
			path = Reachability;
			sourceTree = "<group>";
		};
		00B78A3A1B706E01009CD440 /* Module */ = {
			isa = PBXGroup;
			children = (
				00B78A401B706E01009CD440 /* 注册 */,
				00B78A431B706E01009CD440 /* 登录 */,
			);
			path = Module;
			sourceTree = "<group>";
		};
		00B78A401B706E01009CD440 /* 注册 */ = {
			isa = PBXGroup;
			children = (
				00B78A411B706E01009CD440 /* ViewController */,
				00B78A421B706E01009CD440 /* ViewModel */,
			);
			path = "注册";
			sourceTree = "<group>";
		};
		00B78A411B706E01009CD440 /* ViewController */ = {
			isa = PBXGroup;
			children = (
			);
			path = ViewController;
			sourceTree = "<group>";
		};
		00B78A421B706E01009CD440 /* ViewModel */ = {
			isa = PBXGroup;
			children = (
			);
			path = ViewModel;
			sourceTree = "<group>";
		};
		00B78A431B706E01009CD440 /* 登录 */ = {
			isa = PBXGroup;
			children = (
				00B78A441B706E01009CD440 /* ViewController */,
				00B78A451B706E01009CD440 /* ViewModel */,
			);
			path = "登录";
			sourceTree = "<group>";
		};
		00B78A441B706E01009CD440 /* ViewController */ = {
			isa = PBXGroup;
			children = (
			);
			path = ViewController;
			sourceTree = "<group>";
		};
		00B78A451B706E01009CD440 /* ViewModel */ = {
			isa = PBXGroup;
			children = (
			);
			path = ViewModel;
			sourceTree = "<group>";
		};
		00B78A461B706E01009CD440 /* Resource */ = {
			isa = PBXGroup;
			children = (
			);
			path = Resource;
			sourceTree = "<group>";
		};
		00B78A471B706E01009CD440 /* Utils */ = {
			isa = PBXGroup;
			children = (
				00B78A481B706E01009CD440 /* App */,
				00B78A4D1B706E01009CD440 /* Extension */,
			);
			path = Utils;
			sourceTree = "<group>";
		};
		00B78A481B706E01009CD440 /* App */ = {
			isa = PBXGroup;
			children = (
				00B78A491B706E01009CD440 /* AppUtils.swift */,
				00B78A4A1B706E01009CD440 /* DirectoryUtils.swift */,
				00B78A4B1B706E01009CD440 /* NumberUtils.swift */,
				00B78A4C1B706E01009CD440 /* StringUtils.swift */,
			);
			path = App;
			sourceTree = "<group>";
		};
		00B78A4D1B706E01009CD440 /* Extension */ = {
			isa = PBXGroup;
			children = (
				00B78A4E1B706E01009CD440 /* Array_Extension.swift */,
				00B78A4F1B706E01009CD440 /* NSData_Extension.swift */,
				00B78A501B706E01009CD440 /* Optional_Extension.swift */,
				00B78A511B706E01009CD440 /* String_Extension.swift */,
				00B78A521B706E01009CD440 /* UIColor_Extension.swift */,
				00B78A531B706E01009CD440 /* UIDevice_Extension.swift */,
				00B78A541B706E01009CD440 /* UIImage_Extension.swift */,
				00B78A551B706E01009CD440 /* UILabel_Extension.swift */,
			);
			path = Extension;
			sourceTree = "<group>";
		};
		36FA280DE58CD23F6B7A80D1 /* Pods */ = {
			isa = PBXGroup;
			children = (
				51AF71BECECBF790D4735D67 /* Pods.debug.xcconfig */,
				519047EDFA22F4852FC731E4 /* Pods.release.xcconfig */,
			);
			name = Pods;
			sourceTree = "<group>";
		};
		C5E96CC1A9757B49FC71709C /* Frameworks */ = {
			isa = PBXGroup;
			children = (
				00B78A741B70841E009CD440 /* libsqlite3.dylib */,
				B494E38842D5C989F98848C4 /* Pods.framework */,
			);
			name = Frameworks;
			sourceTree = "<group>";
		};
/* End PBXGroup section */

/* Begin PBXNativeTarget section */
		00B789891B7068A5009CD440 /* SPS */ = {
			isa = PBXNativeTarget;
			buildConfigurationList = 00B789A91B7068A5009CD440 /* Build configuration list for PBXNativeTarget "SPS" */;
			buildPhases = (
				4E38EBD158D76B25F211BDD4 /* Check Pods Manifest.lock */,
				00B789861B7068A5009CD440 /* Sources */,
				00B789871B7068A5009CD440 /* Frameworks */,
				00B789881B7068A5009CD440 /* Resources */,
				6F1AB5ABB1369BFAC926EC0F /* Embed Pods Frameworks */,
				30B1BDCB259BD73AD727161A /* Copy Pods Resources */,
			);
			buildRules = (
			);
			dependencies = (
			);
			name = SPS;
			productName = SPS;
			productReference = 00B7898A1B7068A5009CD440 /* SPS.app */;
			productType = "com.apple.product-type.application";
		};
		00B7899E1B7068A5009CD440 /* SPSTests */ = {
			isa = PBXNativeTarget;
			buildConfigurationList = 00B789AC1B7068A5009CD440 /* Build configuration list for PBXNativeTarget "SPSTests" */;
			buildPhases = (
				00B7899B1B7068A5009CD440 /* Sources */,
				00B7899C1B7068A5009CD440 /* Frameworks */,
				00B7899D1B7068A5009CD440 /* Resources */,
			);
			buildRules = (
			);
			dependencies = (
				00B789A11B7068A5009CD440 /* PBXTargetDependency */,
			);
			name = SPSTests;
			productName = SPSTests;
			productReference = 00B7899F1B7068A5009CD440 /* SPSTests.xctest */;
			productType = "com.apple.product-type.bundle.unit-test";
		};
/* End PBXNativeTarget section */

/* Begin PBXProject section */
		00B789821B7068A5009CD440 /* Project object */ = {
			isa = PBXProject;
			attributes = {
				LastUpgradeCheck = 0640;
				ORGANIZATIONNAME = "Liu Wei";
				TargetAttributes = {
					00B789891B7068A5009CD440 = {
						CreatedOnToolsVersion = 6.4;
					};
					00B7899E1B7068A5009CD440 = {
						CreatedOnToolsVersion = 6.4;
						TestTargetID = 00B789891B7068A5009CD440;
					};
				};
			};
			buildConfigurationList = 00B789851B7068A5009CD440 /* Build configuration list for PBXProject "SPS" */;
			compatibilityVersion = "Xcode 3.2";
			developmentRegion = English;
			hasScannedForEncodings = 0;
			knownRegions = (
				en,
				Base,
			);
			mainGroup = 00B789811B7068A5009CD440;
			productRefGroup = 00B7898B1B7068A5009CD440 /* Products */;
			projectDirPath = "";
			projectRoot = "";
			targets = (
				00B789891B7068A5009CD440 /* SPS */,
				00B7899E1B7068A5009CD440 /* SPSTests */,
			);
		};
/* End PBXProject section */

/* Begin PBXResourcesBuildPhase section */
		00B789881B7068A5009CD440 /* Resources */ = {
			isa = PBXResourcesBuildPhase;
			buildActionMask = 2147483647;
			files = (
				00B789951B7068A5009CD440 /* Main.storyboard in Resources */,
				00B7899A1B7068A5009CD440 /* LaunchScreen.xib in Resources */,
				00B789971B7068A5009CD440 /* Images.xcassets in Resources */,
			);
			runOnlyForDeploymentPostprocessing = 0;
		};
		00B7899D1B7068A5009CD440 /* Resources */ = {
			isa = PBXResourcesBuildPhase;
			buildActionMask = 2147483647;
			files = (
			);
			runOnlyForDeploymentPostprocessing = 0;
		};
/* End PBXResourcesBuildPhase section */

/* Begin PBXShellScriptBuildPhase section */
		30B1BDCB259BD73AD727161A /* Copy Pods Resources */ = {
			isa = PBXShellScriptBuildPhase;
			buildActionMask = 2147483647;
			files = (
			);
			inputPaths = (
			);
			name = "Copy Pods Resources";
			outputPaths = (
			);
			runOnlyForDeploymentPostprocessing = 0;
			shellPath = /bin/sh;
			shellScript = "\"${SRCROOT}/Pods/Target Support Files/Pods/Pods-resources.sh\"\n";
			showEnvVarsInLog = 0;
		};
		4E38EBD158D76B25F211BDD4 /* Check Pods Manifest.lock */ = {
			isa = PBXShellScriptBuildPhase;
			buildActionMask = 2147483647;
			files = (
			);
			inputPaths = (
			);
			name = "Check Pods Manifest.lock";
			outputPaths = (
			);
			runOnlyForDeploymentPostprocessing = 0;
			shellPath = /bin/sh;
			shellScript = "diff \"${PODS_ROOT}/../Podfile.lock\" \"${PODS_ROOT}/Manifest.lock\" > /dev/null\nif [[ $? != 0 ]] ; then\n    cat << EOM\nerror: The sandbox is not in sync with the Podfile.lock. Run 'pod install' or update your CocoaPods installation.\nEOM\n    exit 1\nfi\n";
			showEnvVarsInLog = 0;
		};
		6F1AB5ABB1369BFAC926EC0F /* Embed Pods Frameworks */ = {
			isa = PBXShellScriptBuildPhase;
			buildActionMask = 2147483647;
			files = (
			);
			inputPaths = (
			);
			name = "Embed Pods Frameworks";
			outputPaths = (
			);
			runOnlyForDeploymentPostprocessing = 0;
			shellPath = /bin/sh;
			shellScript = "\"${SRCROOT}/Pods/Target Support Files/Pods/Pods-frameworks.sh\"\n";
			showEnvVarsInLog = 0;
		};
/* End PBXShellScriptBuildPhase section */

/* Begin PBXSourcesBuildPhase section */
		00B789861B7068A5009CD440 /* Sources */ = {
			isa = PBXSourcesBuildPhase;
			buildActionMask = 2147483647;
			files = (
				00B78A721B706E01009CD440 /* UIImage_Extension.swift in Sources */,
				00B78A6D1B706E01009CD440 /* NSData_Extension.swift in Sources */,
				00B78A581B706E01009CD440 /* UserAPIManger.swift in Sources */,
				00B78A691B706E01009CD440 /* DirectoryUtils.swift in Sources */,
				00B78A711B706E01009CD440 /* UIDevice_Extension.swift in Sources */,
				00B789921B7068A5009CD440 /* ViewController.swift in Sources */,
				00B78A6F1B706E01009CD440 /* String_Extension.swift in Sources */,
				00B78A6C1B706E01009CD440 /* Array_Extension.swift in Sources */,
				00B78A621B706E01009CD440 /* FMDatabase.m in Sources */,
				00B78A601B706E01009CD440 /* UserDao.swift in Sources */,
				00B78A661B706E01009CD440 /* FMResultSet.m in Sources */,
				00B78A731B706E01009CD440 /* UILabel_Extension.swift in Sources */,
				00B78A5D1B706E01009CD440 /* BaseDao.swift in Sources */,
				00B78A631B706E01009CD440 /* FMDatabaseAdditions.m in Sources */,
				00B789901B7068A5009CD440 /* AppDelegate.swift in Sources */,
				00B78A5A1B706E01009CD440 /* Config.swift in Sources */,
				00B78A701B706E01009CD440 /* UIColor_Extension.swift in Sources */,
				00B78A6B1B706E01009CD440 /* StringUtils.swift in Sources */,
				00B78A681B706E01009CD440 /* AppUtils.swift in Sources */,
				00B78A5F1B706E01009CD440 /* DBManager.swift in Sources */,
				00B78A6E1B706E01009CD440 /* Optional_Extension.swift in Sources */,
				00B78A6A1B706E01009CD440 /* NumberUtils.swift in Sources */,
				00B78A671B706E01009CD440 /* Reachability.m in Sources */,
				00B78A561B706E01009CD440 /* User.swift in Sources */,
				00B78A571B706E01009CD440 /* BaseAPIManager.swift in Sources */,
				00B78A641B706E01009CD440 /* FMDatabasePool.m in Sources */,
				00B78A651B706E01009CD440 /* FMDatabaseQueue.m in Sources */,
			);
			runOnlyForDeploymentPostprocessing = 0;
		};
		00B7899B1B7068A5009CD440 /* Sources */ = {
			isa = PBXSourcesBuildPhase;
			buildActionMask = 2147483647;
			files = (
				00B789A61B7068A5009CD440 /* SPSTests.swift in Sources */,
			);
			runOnlyForDeploymentPostprocessing = 0;
		};
/* End PBXSourcesBuildPhase section */

/* Begin PBXTargetDependency section */
		00B789A11B7068A5009CD440 /* PBXTargetDependency */ = {
			isa = PBXTargetDependency;
			target = 00B789891B7068A5009CD440 /* SPS */;
			targetProxy = 00B789A01B7068A5009CD440 /* PBXContainerItemProxy */;
		};
/* End PBXTargetDependency section */

/* Begin PBXVariantGroup section */
		00B789931B7068A5009CD440 /* Main.storyboard */ = {
			isa = PBXVariantGroup;
			children = (
				00B789941B7068A5009CD440 /* Base */,
			);
			name = Main.storyboard;
			sourceTree = "<group>";
		};
		00B789981B7068A5009CD440 /* LaunchScreen.xib */ = {
			isa = PBXVariantGroup;
			children = (
				00B789991B7068A5009CD440 /* Base */,
			);
			name = LaunchScreen.xib;
			sourceTree = "<group>";
		};
/* End PBXVariantGroup section */

/* Begin XCBuildConfiguration section */
		00B789A71B7068A5009CD440 /* Debug */ = {
			isa = XCBuildConfiguration;
			buildSettings = {
				ALWAYS_SEARCH_USER_PATHS = NO;
				CLANG_CXX_LANGUAGE_STANDARD = "gnu++0x";
				CLANG_CXX_LIBRARY = "libc++";
				CLANG_ENABLE_MODULES = YES;
				CLANG_ENABLE_OBJC_ARC = YES;
				CLANG_WARN_BOOL_CONVERSION = YES;
				CLANG_WARN_CONSTANT_CONVERSION = YES;
				CLANG_WARN_DIRECT_OBJC_ISA_USAGE = YES_ERROR;
				CLANG_WARN_EMPTY_BODY = YES;
				CLANG_WARN_ENUM_CONVERSION = YES;
				CLANG_WARN_INT_CONVERSION = YES;
				CLANG_WARN_OBJC_ROOT_CLASS = YES_ERROR;
				CLANG_WARN_UNREACHABLE_CODE = YES;
				CLANG_WARN__DUPLICATE_METHOD_MATCH = YES;
				"CODE_SIGN_IDENTITY[sdk=iphoneos*]" = "iPhone Developer";
				COPY_PHASE_STRIP = NO;
				DEBUG_INFORMATION_FORMAT = "dwarf-with-dsym";
				ENABLE_STRICT_OBJC_MSGSEND = YES;
				GCC_C_LANGUAGE_STANDARD = gnu99;
				GCC_DYNAMIC_NO_PIC = NO;
				GCC_NO_COMMON_BLOCKS = YES;
				GCC_OPTIMIZATION_LEVEL = 0;
				GCC_PREPROCESSOR_DEFINITIONS = (
					"DEBUG=1",
					"$(inherited)",
				);
				GCC_SYMBOLS_PRIVATE_EXTERN = NO;
				GCC_WARN_64_TO_32_BIT_CONVERSION = YES;
				GCC_WARN_ABOUT_RETURN_TYPE = YES_ERROR;
				GCC_WARN_UNDECLARED_SELECTOR = YES;
				GCC_WARN_UNINITIALIZED_AUTOS = YES_AGGRESSIVE;
				GCC_WARN_UNUSED_FUNCTION = YES;
				GCC_WARN_UNUSED_VARIABLE = YES;
				IPHONEOS_DEPLOYMENT_TARGET = 8.4;
				MTL_ENABLE_DEBUG_INFO = YES;
				ONLY_ACTIVE_ARCH = YES;
				SDKROOT = iphoneos;
				SWIFT_OPTIMIZATION_LEVEL = "-Onone";
			};
			name = Debug;
		};
		00B789A81B7068A5009CD440 /* Release */ = {
			isa = XCBuildConfiguration;
			buildSettings = {
				ALWAYS_SEARCH_USER_PATHS = NO;
				CLANG_CXX_LANGUAGE_STANDARD = "gnu++0x";
				CLANG_CXX_LIBRARY = "libc++";
				CLANG_ENABLE_MODULES = YES;
				CLANG_ENABLE_OBJC_ARC = YES;
				CLANG_WARN_BOOL_CONVERSION = YES;
				CLANG_WARN_CONSTANT_CONVERSION = YES;
				CLANG_WARN_DIRECT_OBJC_ISA_USAGE = YES_ERROR;
				CLANG_WARN_EMPTY_BODY = YES;
				CLANG_WARN_ENUM_CONVERSION = YES;
				CLANG_WARN_INT_CONVERSION = YES;
				CLANG_WARN_OBJC_ROOT_CLASS = YES_ERROR;
				CLANG_WARN_UNREACHABLE_CODE = YES;
				CLANG_WARN__DUPLICATE_METHOD_MATCH = YES;
				"CODE_SIGN_IDENTITY[sdk=iphoneos*]" = "iPhone Developer";
				COPY_PHASE_STRIP = NO;
				DEBUG_INFORMATION_FORMAT = "dwarf-with-dsym";
				ENABLE_NS_ASSERTIONS = NO;
				ENABLE_STRICT_OBJC_MSGSEND = YES;
				GCC_C_LANGUAGE_STANDARD = gnu99;
				GCC_NO_COMMON_BLOCKS = YES;
				GCC_WARN_64_TO_32_BIT_CONVERSION = YES;
				GCC_WARN_ABOUT_RETURN_TYPE = YES_ERROR;
				GCC_WARN_UNDECLARED_SELECTOR = YES;
				GCC_WARN_UNINITIALIZED_AUTOS = YES_AGGRESSIVE;
				GCC_WARN_UNUSED_FUNCTION = YES;
				GCC_WARN_UNUSED_VARIABLE = YES;
				IPHONEOS_DEPLOYMENT_TARGET = 8.4;
				MTL_ENABLE_DEBUG_INFO = NO;
				SDKROOT = iphoneos;
				VALIDATE_PRODUCT = YES;
			};
			name = Release;
		};
		00B789AA1B7068A5009CD440 /* Debug */ = {
			isa = XCBuildConfiguration;
			baseConfigurationReference = 51AF71BECECBF790D4735D67 /* Pods.debug.xcconfig */;
			buildSettings = {
				ASSETCATALOG_COMPILER_APPICON_NAME = AppIcon;
				INFOPLIST_FILE = SPS/Info.plist;
				LD_RUNPATH_SEARCH_PATHS = "$(inherited) @executable_path/Frameworks";
				PRODUCT_NAME = "$(TARGET_NAME)";
				SWIFT_OBJC_BRIDGING_HEADER = "Classes/Config/SPS-Bridging-Header.h";
			};
			name = Debug;
		};
		00B789AB1B7068A5009CD440 /* Release */ = {
			isa = XCBuildConfiguration;
			baseConfigurationReference = 519047EDFA22F4852FC731E4 /* Pods.release.xcconfig */;
			buildSettings = {
				ASSETCATALOG_COMPILER_APPICON_NAME = AppIcon;
				INFOPLIST_FILE = SPS/Info.plist;
				LD_RUNPATH_SEARCH_PATHS = "$(inherited) @executable_path/Frameworks";
				PRODUCT_NAME = "$(TARGET_NAME)";
				SWIFT_OBJC_BRIDGING_HEADER = "Classes/Config/SPS-Bridging-Header.h";
			};
			name = Release;
		};
		00B789AD1B7068A5009CD440 /* Debug */ = {
			isa = XCBuildConfiguration;
			buildSettings = {
				BUNDLE_LOADER = "$(TEST_HOST)";
				FRAMEWORK_SEARCH_PATHS = (
					"$(SDKROOT)/Developer/Library/Frameworks",
					"$(inherited)",
				);
				GCC_PREPROCESSOR_DEFINITIONS = (
					"DEBUG=1",
					"$(inherited)",
				);
				INFOPLIST_FILE = SPSTests/Info.plist;
				LD_RUNPATH_SEARCH_PATHS = "$(inherited) @executable_path/Frameworks @loader_path/Frameworks";
				PRODUCT_NAME = "$(TARGET_NAME)";
				TEST_HOST = "$(BUILT_PRODUCTS_DIR)/SPS.app/SPS";
			};
			name = Debug;
		};
		00B789AE1B7068A5009CD440 /* Release */ = {
			isa = XCBuildConfiguration;
			buildSettings = {
				BUNDLE_LOADER = "$(TEST_HOST)";
				FRAMEWORK_SEARCH_PATHS = (
					"$(SDKROOT)/Developer/Library/Frameworks",
					"$(inherited)",
				);
				INFOPLIST_FILE = SPSTests/Info.plist;
				LD_RUNPATH_SEARCH_PATHS = "$(inherited) @executable_path/Frameworks @loader_path/Frameworks";
				PRODUCT_NAME = "$(TARGET_NAME)";
				TEST_HOST = "$(BUILT_PRODUCTS_DIR)/SPS.app/SPS";
			};
			name = Release;
		};
/* End XCBuildConfiguration section */

/* Begin XCConfigurationList section */
		00B789851B7068A5009CD440 /* Build configuration list for PBXProject "SPS" */ = {
			isa = XCConfigurationList;
			buildConfigurations = (
				00B789A71B7068A5009CD440 /* Debug */,
				00B789A81B7068A5009CD440 /* Release */,
			);
			defaultConfigurationIsVisible = 0;
			defaultConfigurationName = Release;
		};
		00B789A91B7068A5009CD440 /* Build configuration list for PBXNativeTarget "SPS" */ = {
			isa = XCConfigurationList;
			buildConfigurations = (
				00B789AA1B7068A5009CD440 /* Debug */,
				00B789AB1B7068A5009CD440 /* Release */,
			);
			defaultConfigurationIsVisible = 0;
			defaultConfigurationName = Release;
		};
		00B789AC1B7068A5009CD440 /* Build configuration list for PBXNativeTarget "SPSTests" */ = {
			isa = XCConfigurationList;
			buildConfigurations = (
				00B789AD1B7068A5009CD440 /* Debug */,
				00B789AE1B7068A5009CD440 /* Release */,
			);
			defaultConfigurationIsVisible = 0;
			defaultConfigurationName = Release;
		};
/* End XCConfigurationList section */
	};
	rootObject = 00B789821B7068A5009CD440 /* Project object */;
}
